{
  "name": "copilot-maintain",
  "lockfileVersion": 3,
  "requires": true,
  "packages": {
    "": {
      "name": "copilot-maintain",
      "dependencies": {
        "@github/copilot-sdk": "^1.0.11"
      }
    },
    "node_modules/@github/copilot": {
      "version": "1.0.80",
      "resolved": "https://registry.npmmirror.com/@github/copilot/-/copilot-1.0.80.tgz",
      "integrity": "sha512-6tf93ZF56KOiTTAjK/UhLZkl1W543IzaTQly288kockJZFswpRTnQEI00Yvacpb39DTvTYu3/ha9SeKpo/pgZQ==",
      "license": "SEE LICENSE IN LICENSE.md",
      "dependencies": {
        "detect-libc": "^2.1.2"
      },
      "bin": {
        "copilot": "npm-loader.js"
      },
      "optionalDependencies": {
        "@github/copilot-darwin-arm64": "1.0.80",
        "@github/copilot-darwin-x64": "1.0.80",
        "@github/copilot-linux-arm64": "1.0.80",
        "@github/copilot-linux-x64": "1.0.80",
        "@github/copilot-linuxmusl-arm64": "1.0.80",
        "@github/copilot-linuxmusl-x64": "1.0.80",
        "@github/copilot-win32-arm64": "1.0.80",
        "@github/copilot-win32-x64": "1.0.80"
      }
    },
    "node_modules/@github/copilot-darwin-arm64": {
      "version": "1.0.80",
      "resolved": "https://registry.npmmirror.com/@github/copilot-darwin-arm64/-/copilot-darwin-arm64-1.0.80.tgz",
      "integrity": "sha512-fzn4PnSx3+O/a3ip72KVsjnzORsEygK+0i21bFAnFBYS+0Wi1Pk+o/CmNsJ7aRbf1enSJrcH8UDVkyc9pMGEBg==",
      "cpu": [
        "arm64"
      ],
      "license": "SEE LICENSE IN LICENSE.md",
      "optional": true,
      "os": [
        "darwin"
      ],
      "bin": {
        "copilot-darwin-arm64": "copilot"
      }
    },
    "node_modules/@github/copilot-darwin-x64": {
      "version": "1.0.80",
      "resolved": "https://registry.npmmirror.com/@github/copilot-darwin-x64/-/copilot-darwin-x64-1.0.80.tgz",
      "integrity": "sha512-PKsyGk5DccNzR3bYXcYTGB9N6sHzhzGqEwq/2t1qBwqPbrC98Zo2dOT2G40/QYpJ4XdrGmTmdmfPJQ9PJknlIQ==",
      "cpu": [
        "x64"
      ],
      "license": "SEE LICENSE IN LICENSE.md",
      "optional": true,
      "os": [
        "darwin"
      ],
      "bin": {
        "copilot-darwin-x64": "copilot"
      }
    },
    "node_modules/@github/copilot-linux-arm64": {
      "version": "1.0.80",
      "resolved": "https://registry.npmmirror.com/@github/copilot-linux-arm64/-/copilot-linux-arm64-1.0.80.tgz",
      "integrity": "sha512-8oXwN2luyHEjIoSk8AkATBjXDhRoQtuiUvC93GpfQKFHI+I1eoOVwIsAq5fKP8jNCF2rOrYFIcTjwmRt38kCcQ==",
      "cpu": [
        "arm64"
      ],
      "license": "SEE LICENSE IN LICENSE.md",
      "optional": true,
      "os": [
        "linux"
      ],
      "bin": {
        "copilot-linux-arm64": "copilot"
      }
    },
    "node_modules/@github/copilot-linux-x64": {
      "version": "1.0.80",
      "resolved": "https://registry.npmmirror.com/@github/copilot-linux-x64/-/copilot-linux-x64-1.0.80.tgz",
      "integrity": "sha512-qv1ytVNwA3IDK7kcQow+fAikD67t42+AQ8X42bK/7oudNiv4frVZMO0yh1DYIebVRcmEhmPvbVPY/ptVUK3cbA==",
      "cpu": [
        "x64"
      ],
      "license": "SEE LICENSE IN LICENSE.md",
      "optional": true,
      "os": [
        "linux"
      ],
      "bin": {
        "copilot-linux-x64": "copilot"
      }
    },
    "node_modules/@github/copilot-linuxmusl-arm64": {
      "version": "1.0.80",
      "resolved": "https://registry.npmmirror.com/@github/copilot-linuxmusl-arm64/-/copilot-linuxmusl-arm64-1.0.80.tgz",
      "integrity": "sha512-Qjyi+OlVnPC4Lkuy7blDMMwMUQI/yELl7gDnqQlaN8TEbhZqZueuf3p0a+kEjXcNsw4XtNYQc0eMJqSIYy/Pjg==",
      "cpu": [
        "arm64"
      ],
      "license": "SEE LICENSE IN LICENSE.md",
      "optional": true,
      "os": [
        "linux"
      ],
      "bin": {
        "copilot-linuxmusl-arm64": "copilot"
      }
    },
    "node_modules/@github/copilot-linuxmusl-x64": {
      "version": "1.0.80",
      "resolved": "https://registry.npmmirror.com/@github/copilot-linuxmusl-x64/-/copilot-linuxmusl-x64-1.0.80.tgz",
      "integrity": "sha512-rBg8pugf+5FhiZxi2zkOr+rlcOVF6Xg63j1FvryfwPT4DJ2w5Na7O3lpS4sgu8QmsP5H+dAqjlXYLYsvSoVQ0g==",
      "cpu": [
        "x64"
      ],
      "license": "SEE LICENSE IN LICENSE.md",
      "optional": true,
      "os": [
        "linux"
      ],
      "bin": {
        "copilot-linuxmusl-x64": "copilot"
      }
    },
    "node_modules/@github/copilot-sdk": {
      "version": "1.0.11",
      "resolved": "https://registry.npmmirror.com/@github/copilot-sdk/-/copilot-sdk-1.0.11.tgz",
      "integrity": "sha512-ngrnfa9052fLTOMoY0iiQS2B6pFDYJpWNj3syCdjzdje0R5mWoij9b8exJZciLvX7BbJjKz2/lIdwo24av3e3A==",
      "license": "MIT",
      "dependencies": {
        "@github/copilot": "^1.0.79",
        "koffi": "^3.1.0",
        "vscode-jsonrpc": "^8.2.1",
        "zod": "^4.3.6"
      },
      "engines": {
        "node": "^20.19.0 || >=22.12.0"
      }
    },
    "node_modules/@github/copilot-win32-arm64": {
      "version": "1.0.80",
      "resolved": "https://registry.npmmirror.com/@github/copilot-win32-arm64/-/copilot-win32-arm64-1.0.80.tgz",
      "integrity": "sha512-+f7Vkd3vt2DYOxRnS8dStvYu3DY638N/AuLuIjxZp1F9GgwCUZK69wspqIxg2L59PmRRQcH4AGTrRDR60ENIZA==",
      "cpu": [
        "arm64"
      ],
      "license": "SEE LICENSE IN LICENSE.md",
      "optional": true,
      "os": [
        "win32"
      ],
      "bin": {
        "copilot-win32-arm64": "copilot.exe"
      }
    },
    "node_modules/@github/copilot-win32-x64": {
      "version": "1.0.80",
      "resolved": "https://registry.npmmirror.com/@github/copilot-win32-x64/-/copilot-win32-x64-1.0.80.tgz",
      "integrity": "sha512-PO0kPqhRTWQfsqGaj4UN3cj8ttkcJYy4wmXiArtFm+03AIFu8xTvuhQDPn2xEOsUome7m7t2XomKoavcrCcRsw==",
      "cpu": [
        "x64"
      ],
      "license": "SEE LICENSE IN LICENSE.md",
      "optional": true,
      "os": [
        "win32"
      ],
      "bin": {
        "copilot-win32-x64": "copilot.exe"
      }
    },
    "node_modules/@koromix/koffi-darwin-arm64": {
      "version": "3.1.6",
      "resolved": "https://registry.npmmirror.com/@koromix/koffi-darwin-arm64/-/koffi-darwin-arm64-3.1.6.tgz",
      "integrity": "sha512-8FHyXGCZN7/iQf4f7W5BRysmtdlAFvSx6FpmX4u6wmkZiX/2e9hIRdGLiZYlHGudlcA18UmXB/cMiyhJ7fJkzA==",
      "cpu": [
        "arm64"
      ],
      "license": "MIT",
      "optional": true,
      "os": [
        "darwin"
      ],
      "funding": {
        "url": "https://liberapay.com/Koromix"
      }
    },
    "node_modules/@koromix/koffi-darwin-x64": {
      "version": "3.1.6",
      "resolved": "https://registry.npmmirror.com/@koromix/koffi-darwin-x64/-/koffi-darwin-x64-3.1.6.tgz",
      "integrity": "sha512-uzx/jqFQuSHqgg1zaRidTBTCfj8Y9M0SDTO8HeoI9s9fJhiJ1mbB9TTwJO5c2hiMnuWg2m1byczC8BaIH6cG/w==",
      "cpu": [
        "x64"
      ],
      "license": "MIT",
      "optional": true,
      "os": [
        "darwin"
      ],
      "funding": {
        "url": "https://liberapay.com/Koromix"
      }
    },
    "node_modules/@koromix/koffi-freebsd-arm64": {
      "version": "3.1.6",
      "resolved": "https://registry.npmmirror.com/@koromix/koffi-freebsd-arm64/-/koffi-freebsd-arm64-3.1.6.tgz",
      "integrity": "sha512-PjpTVrsCK5YTtixOw7VsseYXJOyoY6k0qBt+bf0T9h3wyV06y73rALsorFDDEoYpLUBZO7R6EIMs6CpUrEkNTQ==",
      "cpu": [
        "arm64"
      ],
      "license": "MIT",
      "optional": true,
      "os": [
        "freebsd"
      ],
      "funding": {
        "url": "https://liberapay.com/Koromix"
      }
    },
    "node_modules/@koromix/koffi-freebsd-ia32": {
      "version": "3.1.6",
      "resolved": "https://registry.npmmirror.com/@koromix/koffi-freebsd-ia32/-/koffi-freebsd-ia32-3.1.6.tgz",
      "integrity": "sha512-ETYwL820HtFwYoOVzgyvmFmzTHRo9DJtGYTxa5Nb7ajaa5ldCum0jbmUJ3PMECxFTLxD5Q6PYZ8Xbp101bGeSg==",
      "cpu": [
        "ia32"
      ],
      "license": "MIT",
      "optional": true,
      "os": [
        "freebsd"
      ],
      "funding": {
        "url": "https://liberapay.com/Koromix"
      }
    },
    "node_modules/@koromix/koffi-freebsd-x64": {
      "version": "3.1.6",
      "resolved": "https://registry.npmmirror.com/@koromix/koffi-freebsd-x64/-/koffi-freebsd-x64-3.1.6.tgz",
      "integrity": "sha512-BkqxkNXhAAT9toU2stvLwx1iKHPDx7h08NCICyBbjYEXkCAEr84igTkpE5V3XJ9xZZ2gKll7VvdhxorHtHUqZw==",
      "cpu": [
        "x64"
      ],
      "license": "MIT",
      "optional": true,
      "os": [
        "freebsd"
      ],
      "funding": {
        "url": "https://liberapay.com/Koromix"
      }
    },
    "node_modules/@koromix/koffi-linux-arm64": {
      "version": "3.1.6",
      "resolved": "https://registry.npmmirror.com/@koromix/koffi-linux-arm64/-/koffi-linux-arm64-3.1.6.tgz",
      "integrity": "sha512-cM4XPm9ljbCrcPgXjzFYjDNxDUvvuR7TCYaEoo1AKjwZT/vmWhu2xN3pomfbsHh6aVn80SFA3enufQnaETW1rQ==",
      "cpu": [
        "arm64"
      ],
      "license": "MIT",
      "optional": true,
      "os": [
        "linux"
      ],
      "funding": {
        "url": "https://liberapay.com/Koromix"
      }
    },
    "node_modules/@koromix/koffi-linux-ia32": {
      "version": "3.1.6",
      "resolved": "https://registry.npmmirror.com/@koromix/koffi-linux-ia32/-/koffi-linux-ia32-3.1.6.tgz",
      "integrity": "sha512-l1SVTpO10iaQt8slbowJpzK4fbwQZ7ufj9tmCyAcIwWUpyAbPS83mJMctU72If6N9/gCS2wuRqwnYB2uPLLhLg==",
      "cpu": [
        "ia32"
      ],
      "license": "MIT",
      "optional": true,
      "os": [
        "linux"
      ],
      "funding": {
        "url": "https://liberapay.com/Koromix"
      }
    },
    "node_modules/@koromix/koffi-linux-loong64": {
      "version": "3.1.6",
      "resolved": "https://registry.npmmirror.com/@koromix/koffi-linux-loong64/-/koffi-linux-loong64-3.1.6.tgz",
      "integrity": "sha512-KpTJpMSbIdCVFU26ynt0xy4x15h+y6AwPJxj2+iVxJhCzJf4oisCPc0YH2VnutuLV2nVzSrFm7sL/WSOqPgkXw==",
      "cpu": [
        "loong64"
      ],
      "license": "MIT",
      "optional": true,
      "os": [
        "linux"
      ],
      "funding": {
        "url": "https://liberapay.com/Koromix"
      }
    },
    "node_modules/@koromix/koffi-linux-riscv64": {
      "version": "3.1.6",
      "resolved": "https://registry.npmmirror.com/@koromix/koffi-linux-riscv64/-/koffi-linux-riscv64-3.1.6.tgz",
      "integrity": "sha512-YdFNpsywnXiYOYQlDAatf7TJLnspbGXdmfwIZhf82kbKSflYUsq4tI6NmoUOzM89oIWDGpYqd4Hz3xL7tsyXsw==",
      "cpu": [
        "riscv64"
      ],
      "license": "MIT",
      "optional": true,
      "os": [
        "linux"
      ],
      "funding": {
        "url": "https://liberapay.com/Koromix"
      }
    },
    "node_modules/@koromix/koffi-linux-x64": {
      "version": "3.1.6",
      "resolved": "https://registry.npmmirror.com/@koromix/koffi-linux-x64/-/koffi-linux-x64-3.1.6.tgz",
      "integrity": "sha512-Xx5mpr9VcaMCXfvbqIiLIWIL9Iuu6F4r3iMXg7+zZCqYUFZPFwJgiDQBLxctHv2OYgIfAoaaHMW0GC1cJkHfbA==",
      "cpu": [
        "x64"
      ],
      "license": "MIT",
      "optional": true,
      "os": [
        "linux"
      ],
      "funding": {
        "url": "https://liberapay.com/Koromix"
      }
    },
    "node_modules/@koromix/koffi-openbsd-ia32": {
      "version": "3.1.6",
      "resolved": "https://registry.npmmirror.com/@koromix/koffi-openbsd-ia32/-/koffi-openbsd-ia32-3.1.6.tgz",
      "integrity": "sha512-39Np4QTxhTlTT6RRveIeP+TnbzrwuDJ0UMyHxEZ+oGtzmb9GqWhl9T1oyehG6v/O+c4BffafG2NwLkCZ7tDKWw==",
      "cpu": [
        "ia32"
      ],
      "license": "MIT",
      "optional": true,
      "os": [
        "openbsd"
      ],
      "funding": {
        "url": "https://liberapay.com/Koromix"
      }
    },
    "node_modules/@koromix/koffi-openbsd-x64": {
      "version": "3.1.6",
      "resolved": "https://registry.npmmirror.com/@koromix/koffi-openbsd-x64/-/koffi-openbsd-x64-3.1.6.tgz",
      "integrity": "sha512-3EynGn3ycQRqaMWGmUJ0tdtuQdStByqSy/tJ0ZGKWizbMGdFAE73YpgLsyd8BDvwnKWytVG/OLNb5nDHpfd9Dg==",
      "cpu": [
        "x64"
      ],
      "license": "MIT",
      "optional": true,
      "os": [
        "openbsd"
      ],
      "funding": {
        "url": "https://liberapay.com/Koromix"
      }
    },
    "node_modules/@koromix/koffi-win32-arm64": {
      "version": "3.1.6",
      "resolved": "https://registry.npmmirror.com/@koromix/koffi-win32-arm64/-/koffi-win32-arm64-3.1.6.tgz",
      "integrity": "sha512-27FdPPRtT4xbO9bsd2OZa95M5YQ7bcJ8QjCRO57UUMI21REfkDegjqKwqo/CFlugxXlJf5IYtG2rq4BEYIrvxg==",
      "cpu": [
        "arm64"
      ],
      "license": "MIT",
      "optional": true,
      "os": [
        "win32"
      ],
      "funding": {
        "url": "https://liberapay.com/Koromix"
      }
    },
    "node_modules/@koromix/koffi-win32-ia32": {
      "version": "3.1.6",
      "resolved": "https://registry.npmmirror.com/@koromix/koffi-win32-ia32/-/koffi-win32-ia32-3.1.6.tgz",
      "integrity": "sha512-5mVelLKVDup4eoxZOpCzCyMPxoctsg+Qe4J9O5BP4KbBEdqoOEqaNEBBRgNzXcdr2g+GGfmIUo+oVR1NvIdiJw==",
      "cpu": [
        "ia32"
      ],
      "license": "MIT",
      "optional": true,
      "os": [
        "win32"
      ],
      "funding": {
        "url": "https://liberapay.com/Koromix"
      }
    },
    "node_modules/@koromix/koffi-win32-x64": {
      "version": "3.1.6",
      "resolved": "https://registry.npmmirror.com/@koromix/koffi-win32-x64/-/koffi-win32-x64-3.1.6.tgz",
      "integrity": "sha512-lPKjAaHz0aoiZXT/wDVqH+joR5y3lCZj1s9Bk5qx/DGRq+0MK8Ib8VoqiBOrJ69NG5AsJSvn0tQDcSqfRgLmBQ==",
      "cpu": [
        "x64"
      ],
      "license": "MIT",
      "optional": true,
      "os": [
        "win32"
      ],
      "funding": {
        "url": "https://liberapay.com/Koromix"
      }
    },
    "node_modules/detect-libc": {
      "version": "2.1.2",
      "resolved": "https://registry.npmmirror.com/detect-libc/-/detect-libc-2.1.2.tgz",
      "integrity": "sha512-Btj2BOOO83o3WyH59e8MgXsxEQVcarkUOpEYrubB0urwnN10yQ364rsiByU11nZlqWYZm05i/of7io4mzihBtQ==",
      "license": "Apache-2.0",
      "engines": {
        "node": ">=8"
      }
    },
    "node_modules/koffi": {
      "version": "3.1.6",
      "resolved": "https://registry.npmmirror.com/koffi/-/koffi-3.1.6.tgz",
      "integrity": "sha512-ln60chEb3o7Du1ayjwl6BFiNN1wZK+3cTM2wWGiHLEzCY/FdTIN1ER5VWDwHq7J/j4tSnnrHaH5ABS1EO6+6ag==",
      "hasInstallScript": true,
      "license": "MIT",
      "funding": {
        "url": "https://liberapay.com/Koromix"
      },
      "optionalDependencies": {
        "@koromix/koffi-darwin-arm64": "3.1.6",
        "@koromix/koffi-darwin-x64": "3.1.6",
        "@koromix/koffi-freebsd-arm64": "3.1.6",
        "@koromix/koffi-freebsd-ia32": "3.1.6",
        "@koromix/koffi-freebsd-x64": "3.1.6",
        "@koromix/koffi-linux-arm64": "3.1.6",
        "@koromix/koffi-linux-ia32": "3.1.6",
        "@koromix/koffi-linux-loong64": "3.1.6",
        "@koromix/koffi-linux-riscv64": "3.1.6",
        "@koromix/koffi-linux-x64": "3.1.6",
        "@koromix/koffi-openbsd-ia32": "3.1.6",
        "@koromix/koffi-openbsd-x64": "3.1.6",
        "@koromix/koffi-win32-arm64": "3.1.6",
        "@koromix/koffi-win32-ia32": "3.1.6",
        "@koromix/koffi-win32-x64": "3.1.6"
      }
    },
    "node_modules/vscode-jsonrpc": {
      "version": "8.2.1",
      "resolved": "https://registry.npmmirror.com/vscode-jsonrpc/-/vscode-jsonrpc-8.2.1.tgz",
      "integrity": "sha512-kdjOSJ2lLIn7r1rtrMbbNCHjyMPfRnowdKjBQ+mGq6NAW5QY2bEZC/khaC5OR8svbbjvLEaIXkOq45e2X9BIbQ==",
      "license": "MIT",
      "engines": {
        "node": ">=14.0.0"
      }
    },
    "node_modules/zod": {
      "version": "4.4.3",
      "resolved": "https://registry.npmmirror.com/zod/-/zod-4.4.3.tgz",
      "integrity": "sha512-ytENFjIJFl2UwYglde2jchW2Hwm4GJFLDiSXWdTrJQBIN9Fcyp7n4DhxJEiWNAJMV1/BqWfW/kkg71UDcHJyTQ==",
      "license": "MIT",
      "funding": {
        "url": "https://github.com/sponsors/colinhacks"
      }
    }
  }
}
